
Microsoft Visual Studio Solution File, Format Version 12.00
# Visual Studio Version 16
VisualStudioVersion = 16.0.30611.23
MinimumVisualStudioVersion = 10.0.40219.1
Project("{9A19103F-16F7-4668-BE54-9A1E7A4F7556}") = "Domain", "Domain\Domain.csproj", "{E5220B7C-A639-445D-8E95-749B819CE951}"
EndProject
Project("{9A19103F-16F7-4668-BE54-9A1E7A4F7556}") = "Infrastructure", "Infrastructure\Infrastructure.csproj", "{00D01DBB-0939-4602-98C5-E16AAFD6B08A}"
EndProject
Project("{9A19103F-16F7-4668-BE54-9A1E7A4F7556}") = "Service", "Service\Service.csproj", "{72D41512-127F-4F1A-91A2-A0FCC9E4C562}"
EndProject
Project("{FAE04EC0-301F-11D3-BF4B-00C04F79EFBC}") = "Interface", "Interface\Interface.csproj", "{ED4BEE32-1CFA-4EC2-9EA9-55D93914511A}"
EndProject
Project("{FAE04EC0-301F-11D3-BF4B-00C04F79EFBC}") = "Common", "Common\Common.csproj", "{4A43D930-3592-485B-A67F-31D6BE4DF13A}"
EndProject
Global
	GlobalSection(SolutionConfigurationPlatforms) = preSolution
		Debug|Any CPU = Debug|Any CPU
		Release|Any CPU = Release|Any CPU
	EndGlobalSection
	GlobalSection(ProjectConfigurationPlatforms) = postSolution
		{E5220B7C-A639-445D-8E95-749B819CE951}.Debug|Any CPU.ActiveCfg = Debug|Any CPU
		{E5220B7C-A639-445D-8E95-749B819CE951}.Debug|Any CPU.Build.0 = Debug|Any CPU
		{E5220B7C-A639-445D-8E95-749B819CE951}.Release|Any CPU.ActiveCfg = Release|Any CPU
		{E5220B7C-A639-445D-8E95-749B819CE951}.Release|Any CPU.Build.0 = Release|Any CPU
		{00D01DBB-0939-4602-98C5-E16AAFD6B08A}.Debug|Any CPU.ActiveCfg = Debug|Any CPU
		{00D01DBB-0939-4602-98C5-E16AAFD6B08A}.Debug|Any CPU.Build.0 = Debug|Any CPU
		{00D01DBB-0939-4602-98C5-E16AAFD6B08A}.Release|Any CPU.ActiveCfg = Release|Any CPU
		{00D01DBB-0939-4602-98C5-E16AAFD6B08A}.Release|Any CPU.Build.0 = Release|Any CPU
		{72D41512-127F-4F1A-91A2-A0FCC9E4C562}.Debug|Any CPU.ActiveCfg = Debug|Any CPU
		{72D41512-127F-4F1A-91A2-A0FCC9E4C562}.Debug|Any CPU.Build.0 = Debug|Any CPU
		{72D41512-127F-4F1A-91A2-A0FCC9E4C562}.Release|Any CPU.ActiveCfg = Release|Any CPU
		{72D41512-127F-4F1A-91A2-A0FCC9E4C562}.Release|Any CPU.Build.0 = Release|Any CPU
		{ED4BEE32-1CFA-4EC2-9EA9-55D93914511A}.Debug|Any CPU.ActiveCfg = Debug|Any CPU
		{ED4BEE32-1CFA-4EC2-9EA9-55D93914511A}.Debug|Any CPU.Build.0 = Debug|Any CPU
		{ED4BEE32-1CFA-4EC2-9EA9-55D93914511A}.Release|Any CPU.ActiveCfg = Release|Any CPU
		{ED4BEE32-1CFA-4EC2-9EA9-55D93914511A}.Release|Any CPU.Build.0 = Release|Any CPU
		{4A43D930-3592-485B-A67F-31D6BE4DF13A}.Debug|Any CPU.ActiveCfg = Debug|Any CPU
		{4A43D930-3592-485B-A67F-31D6BE4DF13A}.Debug|Any CPU.Build.0 = Debug|Any CPU
		{4A43D930-3592-485B-A67F-31D6BE4DF13A}.Release|Any CPU.ActiveCfg = Release|Any CPU
		{4A43D930-3592-485B-A67F-31D6BE4DF13A}.Release|Any CPU.Build.0 = Release|Any CPU
	EndGlobalSection
	GlobalSection(SolutionProperties) = preSolution
		HideSolutionNode = FALSE
	EndGlobalSection
	GlobalSection(ExtensibilityGlobals) = postSolution
		SolutionGuid = {A6716531-85BD-438C-84C2-CFB9D3F3E9E3}
	EndGlobalSection
EndGlobal
